
Microsoft Visual Studio Solution File, Format Version 12.00
# Visual Studio Version 16
VisualStudioVersion = 16.0.29519.87
MinimumVisualStudioVersion = 10.0.40219.1
Project("{FAE04EC0-301F-11D3-BF4B-00C04F79EFBC}") = "ReaderWriterLockSlimExtensions", "ReaderWriterLockSlimExtensions\ReaderWriterLockSlimExtensions.csproj", "{250CBF46-6473-4457-8BCC-33C33BBCEF1E}"
EndProject
Project("{FAE04EC0-301F-11D3-BF4B-00C04F79EFBC}") = "ReaderWriterLockSlimExtensions.UnitTests", "ReaderWriterLockSlimExtensions.UnitTests\ReaderWriterLockSlimExtensions.UnitTests.csproj", "{CAA0ADFF-5807-48D1-985B-E2BA1A698DBD}"
EndProject
Global
	GlobalSection(SolutionConfigurationPlatforms) = preSolution
		Debug|Any CPU = Debug|Any CPU
		Release|Any CPU = Release|Any CPU
	EndGlobalSection
	GlobalSection(ProjectConfigurationPlatforms) = postSolution
		{250CBF46-6473-4457-8BCC-33C33BBCEF1E}.Debug|Any CPU.ActiveCfg = Debug|Any CPU
		{250CBF46-6473-4457-8BCC-33C33BBCEF1E}.Debug|Any CPU.Build.0 = Debug|Any CPU
		{250CBF46-6473-4457-8BCC-33C33BBCEF1E}.Release|Any CPU.ActiveCfg = Release|Any CPU
		{250CBF46-6473-4457-8BCC-33C33BBCEF1E}.Release|Any CPU.Build.0 = Release|Any CPU
		{CAA0ADFF-5807-48D1-985B-E2BA1A698DBD}.Debug|Any CPU.ActiveCfg = Debug|Any CPU
		{CAA0ADFF-5807-48D1-985B-E2BA1A698DBD}.Debug|Any CPU.Build.0 = Debug|Any CPU
		{CAA0ADFF-5807-48D1-985B-E2BA1A698DBD}.Release|Any CPU.ActiveCfg = Release|Any CPU
		{CAA0ADFF-5807-48D1-985B-E2BA1A698DBD}.Release|Any CPU.Build.0 = Release|Any CPU
	EndGlobalSection
	GlobalSection(SolutionProperties) = preSolution
		HideSolutionNode = FALSE
	EndGlobalSection
	GlobalSection(ExtensibilityGlobals) = postSolution
		SolutionGuid = {6B685A93-0950-4C4A-AE6A-2B8D4781AA38}
	EndGlobalSection
EndGlobal
